// !$*UTF8*$!
{
	archiveVersion = 1;
	classes = {
	};
	objectVersion = 46;
	objects = {

/* Begin PBXBuildFile section */
		C419D7641A5EC9380023553C /* AppDelegate.m in Sources */ = {isa = PBXBuildFile; fileRef = C419D7631A5EC9380023553C /* AppDelegate.m */; };
		C419D7661A5EC9380023553C /* main.m in Sources */ = {isa = PBXBuildFile; fileRef = C419D7651A5EC9380023553C /* main.m */; };
		C419D7691A5EC9380023553C /* ViewController.m in Sources */ = {isa = PBXBuildFile; fileRef = C419D7681A5EC9380023553C /* ViewController.m */; };
		C419D76B1A5EC9380023553C /* Images.xcassets in Resources */ = {isa = PBXBuildFile; fileRef = C419D76A1A5EC9380023553C /* Images.xcassets */; };
		C419D76E1A5EC9380023553C /* Main.storyboard in Resources */ = {isa = PBXBuildFile; fileRef = C419D76C1A5EC9380023553C /* Main.storyboard */; };
		C419D77A1A5EC9380023553C /* CalendarTests.m in Sources */ = {isa = PBXBuildFile; fileRef = C419D7791A5EC9380023553C /* CalendarTests.m */; };
/* End PBXBuildFile section */

/* Begin PBXContainerItemProxy section */
		C419D7741A5EC9380023553C /* PBXContainerItemProxy */ = {
			isa = PBXContainerItemProxy;
			containerPortal = C419D7551A5EC9380023553C /* Project object */;
			proxyType = 1;
			remoteGlobalIDString = C419D75C1A5EC9380023553C;
			remoteInfo = Calendar;
		};
/* End PBXContainerItemProxy section */

/* Begin PBXFileReference section */
		C419D75D1A5EC9380023553C /* Calendar.app */ = {isa = PBXFileReference; explicitFileType = wrapper.application; includeInIndex = 0; path = Calendar.app; sourceTree = BUILT_PRODUCTS_DIR; };
		C419D7611A5EC9380023553C /* Info.plist */ = {isa = PBXFileReference; lastKnownFileType = text.plist.xml; path = Info.plist; sourceTree = "<group>"; };
		C419D7621A5EC9380023553C /* AppDelegate.h */ = {isa = PBXFileReference; lastKnownFileType = sourcecode.c.h; path = AppDelegate.h; sourceTree = "<group>"; };
		C419D7631A5EC9380023553C /* AppDelegate.m */ = {isa = PBXFileReference; lastKnownFileType = sourcecode.c.objc; path = AppDelegate.m; sourceTree = "<group>"; };
		C419D7651A5EC9380023553C /* main.m */ = {isa = PBXFileReference; lastKnownFileType = sourcecode.c.objc; path = main.m; sourceTree = "<group>"; };
		C419D7671A5EC9380023553C /* ViewController.h */ = {isa = PBXFileReference; lastKnownFileType = sourcecode.c.h; path = ViewController.h; sourceTree = "<group>"; };
		C419D7681A5EC9380023553C /* ViewController.m */ = {isa = PBXFileReference; lastKnownFileType = sourcecode.c.objc; path = ViewController.m; sourceTree = "<group>"; };
		C419D76A1A5EC9380023553C /* Images.xcassets */ = {isa = PBXFileReference; lastKnownFileType = folder.assetcatalog; path = Images.xcassets; sourceTree = "<group>"; };
		C419D76D1A5EC9380023553C /* Base */ = {isa = PBXFileReference; lastKnownFileType = file.storyboard; name = Base; path = Base.lproj/Main.storyboard; sourceTree = "<group>"; };
		C419D7731A5EC9380023553C /* CalendarTests.xctest */ = {isa = PBXFileReference; explicitFileType = wrapper.cfbundle; includeInIndex = 0; path = CalendarTests.xctest; sourceTree = BUILT_PRODUCTS_DIR; };
		C419D7781A5EC9380023553C /* Info.plist */ = {isa = PBXFileReference; lastKnownFileType = text.plist.xml; path = Info.plist; sourceTree = "<group>"; };
		C419D7791A5EC9380023553C /* CalendarTests.m */ = {isa = PBXFileReference; lastKnownFileType = sourcecode.c.objc; path = CalendarTests.m; sourceTree = "<group>"; };
/* End PBXFileReference section */

/* Begin PBXFrameworksBuildPhase section */
		C419D75A1A5EC9380023553C /* Frameworks */ = {
			isa = PBXFrameworksBuildPhase;
			buildActionMask = 2147483647;
			files = (
			);
			runOnlyForDeploymentPostprocessing = 0;
		};
		C419D7701A5EC9380023553C /* Frameworks */ = {
			isa = PBXFrameworksBuildPhase;
			buildActionMask = 2147483647;
			files = (
			);
			runOnlyForDeploymentPostprocessing = 0;
		};
/* End PBXFrameworksBuildPhase section */

/* Begin PBXGroup section */
		C419D7541A5EC9380023553C = {
			isa = PBXGroup;
			children = (
				C419D75F1A5EC9380023553C /* Calendar */,
				C419D7761A5EC9380023553C /* CalendarTests */,
				C419D75E1A5EC9380023553C /* Products */,
			);
			sourceTree = "<group>";
		};
		C419D75E1A5EC9380023553C /* Products */ = {
			isa = PBXGroup;
			children = (
				C419D75D1A5EC9380023553C /* Calendar.app */,
				C419D7731A5EC9380023553C /* CalendarTests.xctest */,
			);
			name = Products;
			sourceTree = "<group>";
		};
		C419D75F1A5EC9380023553C /* Calendar */ = {
			isa = PBXGroup;
			children = (
				C419D7621A5EC9380023553C /* AppDelegate.h */,
				C419D7631A5EC9380023553C /* AppDelegate.m */,
				C419D7671A5EC9380023553C /* ViewController.h */,
				C419D7681A5EC9380023553C /* ViewController.m */,
				C419D76A1A5EC9380023553C /* Images.xcassets */,
				C419D76C1A5EC9380023553C /* Main.storyboard */,
				C419D7601A5EC9380023553C /* Supporting Files */,
			);
			path = Calendar;
			sourceTree = "<group>";
		};
		C419D7601A5EC9380023553C /* Supporting Files */ = {
			isa = PBXGroup;
			children = (
				C419D7611A5EC9380023553C /* Info.plist */,
				C419D7651A5EC9380023553C /* main.m */,
			);
			name = "Supporting Files";
			sourceTree = "<group>";
		};
		C419D7761A5EC9380023553C /* CalendarTests */ = {
			isa = PBXGroup;
			children = (
				C419D7791A5EC9380023553C /* CalendarTests.m */,
				C419D7771A5EC9380023553C /* Supporting Files */,
			);
			path = CalendarTests;
			sourceTree = "<group>";
		};
		C419D7771A5EC9380023553C /* Supporting Files */ = {
			isa = PBXGroup;
			children = (
				C419D7781A5EC9380023553C /* Info.plist */,
			);
			name = "Supporting Files";
			sourceTree = "<group>";
		};
/* End PBXGroup section */

/* Begin PBXNativeTarget section */
		C419D75C1A5EC9380023553C /* Calendar */ = {
			isa = PBXNativeTarget;
			buildConfigurationList = C419D77D1A5EC9380023553C /* Build configuration list for PBXNativeTarget "Calendar" */;
			buildPhases = (
				C419D7591A5EC9380023553C /* Sources */,
				C419D75A1A5EC9380023553C /* Frameworks */,
				C419D75B1A5EC9380023553C /* Resources */,
			);
			buildRules = (
			);
			dependencies = (
			);
			name = Calendar;
			productName = Calendar;
			productReference = C419D75D1A5EC9380023553C /* Calendar.app */;
			productType = "com.apple.product-type.application";
		};
		C419D7721A5EC9380023553C /* CalendarTests */ = {
			isa = PBXNativeTarget;
			buildConfigurationList = C419D7801A5EC9380023553C /* Build configuration list for PBXNativeTarget "CalendarTests" */;
			buildPhases = (
				C419D76F1A5EC9380023553C /* Sources */,
				C419D7701A5EC9380023553C /* Frameworks */,
				C419D7711A5EC9380023553C /* Resources */,
			);
			buildRules = (
			);
			dependencies = (
				C419D7751A5EC9380023553C /* PBXTargetDependency */,
			);
			name = CalendarTests;
			productName = CalendarTests;
			productReference = C419D7731A5EC9380023553C /* CalendarTests.xctest */;
			productType = "com.apple.product-type.bundle.unit-test";
		};
/* End PBXNativeTarget section */

/* Begin PBXProject section */
		C419D7551A5EC9380023553C /* Project object */ = {
			isa = PBXProject;
			attributes = {
				LastUpgradeCheck = 0610;
				ORGANIZATIONNAME = "Wandle Software Limited";
				TargetAttributes = {
					C419D75C1A5EC9380023553C = {
						CreatedOnToolsVersion = 6.1.1;
					};
					C419D7721A5EC9380023553C = {
						CreatedOnToolsVersion = 6.1.1;
						TestTargetID = C419D75C1A5EC9380023553C;
					};
				};
			};
			buildConfigurationList = C419D7581A5EC9380023553C /* Build configuration list for PBXProject "Calendar" */;
			compatibilityVersion = "Xcode 3.2";
			developmentRegion = English;
			hasScannedForEncodings = 0;
			knownRegions = (
				en,
				Base,
			);
			mainGroup = C419D7541A5EC9380023553C;
			productRefGroup = C419D75E1A5EC9380023553C /* Products */;
			projectDirPath = "";
			projectRoot = "";
			targets = (
				C419D75C1A5EC9380023553C /* Calendar */,
				C419D7721A5EC9380023553C /* CalendarTests */,
			);
		};
/* End PBXProject section */

/* Begin PBXResourcesBuildPhase section */
		C419D75B1A5EC9380023553C /* Resources */ = {
			isa = PBXResourcesBuildPhase;
			buildActionMask = 2147483647;
			files = (
				C419D76B1A5EC9380023553C /* Images.xcassets in Resources */,
				C419D76E1A5EC9380023553C /* Main.storyboard in Resources */,
			);
			runOnlyForDeploymentPostprocessing = 0;
		};
		C419D7711A5EC9380023553C /* Resources */ = {
			isa = PBXResourcesBuildPhase;
			buildActionMask = 2147483647;
			files = (
			);
			runOnlyForDeploymentPostprocessing = 0;
		};
/* End PBXResourcesBuildPhase section */

/* Begin PBXSourcesBuildPhase section */
		C419D7591A5EC9380023553C /* Sources */ = {
			isa = PBXSourcesBuildPhase;
			buildActionMask = 2147483647;
			files = (
				C419D7691A5EC9380023553C /* ViewController.m in Sources */,
				C419D7661A5EC9380023553C /* main.m in Sources */,
				C419D7641A5EC9380023553C /* AppDelegate.m in Sources */,
			);
			runOnlyForDeploymentPostprocessing = 0;
		};
		C419D76F1A5EC9380023553C /* Sources */ = {
			isa = PBXSourcesBuildPhase;
			buildActionMask = 2147483647;
			files = (
				C419D77A1A5EC9380023553C /* CalendarTests.m in Sources */,
			);
			runOnlyForDeploymentPostprocessing = 0;
		};
/* End PBXSourcesBuildPhase section */

/* Begin PBXTargetDependency section */
		C419D7751A5EC9380023553C /* PBXTargetDependency */ = {
			isa = PBXTargetDependency;
			target = C419D75C1A5EC9380023553C /* Calendar */;
			targetProxy = C419D7741A5EC9380023553C /* PBXContainerItemProxy */;
		};
/* End PBXTargetDependency section */

/* Begin PBXVariantGroup section */
		C419D76C1A5EC9380023553C /* Main.storyboard */ = {
			isa = PBXVariantGroup;
			children = (
				C419D76D1A5EC9380023553C /* Base */,
			);
			name = Main.storyboard;
			sourceTree = "<group>";
		};
/* End PBXVariantGroup section */

/* Begin XCBuildConfiguration section */
		C419D77B1A5EC9380023553C /* Debug */ = {
			isa = XCBuildConfiguration;
			buildSettings = {
				ALWAYS_SEARCH_USER_PATHS = NO;
				CLANG_CXX_LANGUAGE_STANDARD = "gnu++0x";
				CLANG_CXX_LIBRARY = "libc++";
				CLANG_ENABLE_MODULES = YES;
				CLANG_ENABLE_OBJC_ARC = YES;
				CLANG_WARN_BOOL_CONVERSION = YES;
				CLANG_WARN_CONSTANT_CONVERSION = YES;
				CLANG_WARN_DIRECT_OBJC_ISA_USAGE = YES_ERROR;
				CLANG_WARN_EMPTY_BODY = YES;
				CLANG_WARN_ENUM_CONVERSION = YES;
				CLANG_WARN_INT_CONVERSION = YES;
				CLANG_WARN_OBJC_ROOT_CLASS = YES_ERROR;
				CLANG_WARN_UNREACHABLE_CODE = YES;
				CLANG_WARN__DUPLICATE_METHOD_MATCH = YES;
				CODE_SIGN_IDENTITY = "-";
				COPY_PHASE_STRIP = NO;
				ENABLE_STRICT_OBJC_MSGSEND = YES;
				GCC_C_LANGUAGE_STANDARD = gnu99;
				GCC_DYNAMIC_NO_PIC = NO;
				GCC_OPTIMIZATION_LEVEL = 0;
				GCC_PREPROCESSOR_DEFINITIONS = (
					"DEBUG=1",
					"$(inherited)",
				);
				GCC_SYMBOLS_PRIVATE_EXTERN = NO;
				GCC_WARN_64_TO_32_BIT_CONVERSION = YES;
				GCC_WARN_ABOUT_RETURN_TYPE = YES_ERROR;
				GCC_WARN_UNDECLARED_SELECTOR = YES;
				GCC_WARN_UNINITIALIZED_AUTOS = YES_AGGRESSIVE;
				GCC_WARN_UNUSED_FUNCTION = YES;
				GCC_WARN_UNUSED_VARIABLE = YES;
				MACOSX_DEPLOYMENT_TARGET = 10.10;
				MTL_ENABLE_DEBUG_INFO = YES;
				ONLY_ACTIVE_ARCH = YES;
				SDKROOT = macosx;
			};
			name = Debug;
		};
		C419D77C1A5EC9380023553C /* Release */ = {
			isa = XCBuildConfiguration;
			buildSettings = {
				ALWAYS_SEARCH_USER_PATHS = NO;
				CLANG_CXX_LANGUAGE_STANDARD = "gnu++0x";
				CLANG_CXX_LIBRARY = "libc++";
				CLANG_ENABLE_MODULES = YES;
				CLANG_ENABLE_OBJC_ARC = YES;
				CLANG_WARN_BOOL_CONVERSION = YES;
				CLANG_WARN_CONSTANT_CONVERSION = YES;
				CLANG_WARN_DIRECT_OBJC_ISA_USAGE = YES_ERROR;
				CLANG_WARN_EMPTY_BODY = YES;
				CLANG_WARN_ENUM_CONVERSION = YES;
				CLANG_WARN_INT_CONVERSION = YES;
				CLANG_WARN_OBJC_ROOT_CLASS = YES_ERROR;
				CLANG_WARN_UNREACHABLE_CODE = YES;
				CLANG_WARN__DUPLICATE_METHOD_MATCH = YES;
				CODE_SIGN_IDENTITY = "-";
				COPY_PHASE_STRIP = YES;
				DEBUG_INFORMATION_FORMAT = "dwarf-with-dsym";
				ENABLE_NS_ASSERTIONS = NO;
				ENABLE_STRICT_OBJC_MSGSEND = YES;
				GCC_C_LANGUAGE_STANDARD = gnu99;
				GCC_WARN_64_TO_32_BIT_CONVERSION = YES;
				GCC_WARN_ABOUT_RETURN_TYPE = YES_ERROR;
				GCC_WARN_UNDECLARED_SELECTOR = YES;
				GCC_WARN_UNINITIALIZED_AUTOS = YES_AGGRESSIVE;
				GCC_WARN_UNUSED_FUNCTION = YES;
				GCC_WARN_UNUSED_VARIABLE = YES;
				MACOSX_DEPLOYMENT_TARGET = 10.10;
				MTL_ENABLE_DEBUG_INFO = NO;
				SDKROOT = macosx;
			};
			name = Release;
		};
		C419D77E1A5EC9380023553C /* Debug */ = {
			isa = XCBuildConfiguration;
			buildSettings = {
				ASSETCATALOG_COMPILER_APPICON_NAME = AppIcon;
				COMBINE_HIDPI_IMAGES = YES;
				INFOPLIST_FILE = Calendar/Info.plist;
				LD_RUNPATH_SEARCH_PATHS = "$(inherited) @executable_path/../Frameworks";
				PRODUCT_NAME = "$(TARGET_NAME)";
			};
			name = Debug;
		};
		C419D77F1A5EC9380023553C /* Release */ = {
			isa = XCBuildConfiguration;
			buildSettings = {
				ASSETCATALOG_COMPILER_APPICON_NAME = AppIcon;
				COMBINE_HIDPI_IMAGES = YES;
				INFOPLIST_FILE = Calendar/Info.plist;
				LD_RUNPATH_SEARCH_PATHS = "$(inherited) @executable_path/../Frameworks";
				PRODUCT_NAME = "$(TARGET_NAME)";
			};
			name = Release;
		};
		C419D7811A5EC9380023553C /* Debug */ = {
			isa = XCBuildConfiguration;
			buildSettings = {
				BUNDLE_LOADER = "$(TEST_HOST)";
				COMBINE_HIDPI_IMAGES = YES;
				FRAMEWORK_SEARCH_PATHS = (
					"$(DEVELOPER_FRAMEWORKS_DIR)",
					"$(inherited)",
				);
				GCC_PREPROCESSOR_DEFINITIONS = (
					"DEBUG=1",
					"$(inherited)",
				);
				INFOPLIST_FILE = CalendarTests/Info.plist;
				LD_RUNPATH_SEARCH_PATHS = "$(inherited) @executable_path/../Frameworks @loader_path/../Frameworks";
				PRODUCT_NAME = "$(TARGET_NAME)";
				TEST_HOST = "$(BUILT_PRODUCTS_DIR)/Calendar.app/Contents/MacOS/Calendar";
			};
			name = Debug;
		};
		C419D7821A5EC9380023553C /* Release */ = {
			isa = XCBuildConfiguration;
			buildSettings = {
				BUNDLE_LOADER = "$(TEST_HOST)";
				COMBINE_HIDPI_IMAGES = YES;
				FRAMEWORK_SEARCH_PATHS = (
					"$(DEVELOPER_FRAMEWORKS_DIR)",
					"$(inherited)",
				);
				INFOPLIST_FILE = CalendarTests/Info.plist;
				LD_RUNPATH_SEARCH_PATHS = "$(inherited) @executable_path/../Frameworks @loader_path/../Frameworks";
				PRODUCT_NAME = "$(TARGET_NAME)";
				TEST_HOST = "$(BUILT_PRODUCTS_DIR)/Calendar.app/Contents/MacOS/Calendar";
			};
			name = Release;
		};
/* End XCBuildConfiguration section */

/* Begin XCConfigurationList section */
		C419D7581A5EC9380023553C /* Build configuration list for PBXProject "Calendar" */ = {
			isa = XCConfigurationList;
			buildConfigurations = (
				C419D77B1A5EC9380023553C /* Debug */,
				C419D77C1A5EC9380023553C /* Release */,
			);
			defaultConfigurationIsVisible = 0;
			defaultConfigurationName = Release;
		};
		C419D77D1A5EC9380023553C /* Build configuration list for PBXNativeTarget "Calendar" */ = {
			isa = XCConfigurationList;
			buildConfigurations = (
				C419D77E1A5EC9380023553C /* Debug */,
				C419D77F1A5EC9380023553C /* Release */,
			);
			defaultConfigurationIsVisible = 0;
		};
		C419D7801A5EC9380023553C /* Build configuration list for PBXNativeTarget "CalendarTests" */ = {
			isa = XCConfigurationList;
			buildConfigurations = (
				C419D7811A5EC9380023553C /* Debug */,
				C419D7821A5EC9380023553C /* Release */,
			);
			defaultConfigurationIsVisible = 0;
		};
/* End XCConfigurationList section */
	};
	rootObject = C419D7551A5EC9380023553C /* Project object */;
}
